
Microsoft Visual Studio Solution File, Format Version 12.00
# Visual Studio Version 17
VisualStudioVersion = 17.8.34309.116
MinimumVisualStudioVersion = 10.0.40219.1
Project("{FAE04EC0-301F-11D3-BF4B-00C04F79EFBC}") = "DockerTest", "DockerTest.csproj", "{9F0FA53B-E6C7-4D1A-82CD-3DEEBB9EE10D}"
EndProject
Global
	GlobalSection(SolutionConfigurationPlatforms) = preSolution
		Debug|Any CPU = Debug|Any CPU
		Release|Any CPU = Release|Any CPU
	EndGlobalSection
	GlobalSection(ProjectConfigurationPlatforms) = postSolution
		{9F0FA53B-E6C7-4D1A-82CD-3DEEBB9EE10D}.Debug|Any CPU.ActiveCfg = Debug|Any CPU
		{9F0FA53B-E6C7-4D1A-82CD-3DEEBB9EE10D}.Debug|Any CPU.Build.0 = Debug|Any CPU
		{9F0FA53B-E6C7-4D1A-82CD-3DEEBB9EE10D}.Release|Any CPU.ActiveCfg = Release|Any CPU
		{9F0FA53B-E6C7-4D1A-82CD-3DEEBB9EE10D}.Release|Any CPU.Build.0 = Release|Any CPU
	EndGlobalSection
	GlobalSection(SolutionProperties) = preSolution
		HideSolutionNode = FALSE
	EndGlobalSection
	GlobalSection(ExtensibilityGlobals) = postSolution
		SolutionGuid = {87D82888-4CE4-4ED3-8862-98C462001D7A}
	EndGlobalSection
EndGlobal
